
Microsoft Visual Studio Solution File, Format Version 12.00
# Visual Studio Version 16
VisualStudioVersion = 16.0.30204.135
MinimumVisualStudioVersion = 10.0.40219.1
Project("{9A19103F-16F7-4668-BE54-9A1E7A4F7556}") = "TaskyJ.Globals.Data", "TaskyJ.Globals.Data\TaskyJ.Globals.Data.csproj", "{DB779B69-932B-40E5-BD14-855BE27CA483}"
EndProject
Project("{FAE04EC0-301F-11D3-BF4B-00C04F79EFBC}") = "TaskyJ.Globals.Android", "TaskyJ.Globals.Android\TaskyJ.Globals.Android.csproj", "{552361E1-F65A-4B64-A615-72B013E4A671}"
EndProject
Project("{9A19103F-16F7-4668-BE54-9A1E7A4F7556}") = "TaskyJ.Globals.Windows", "TaskyJ.Globals.Windows\TaskyJ.Globals.Windows.csproj", "{AA3525E5-4CEC-45AD-9888-9892E9A96B98}"
EndProject
Project("{FAE04EC0-301F-11D3-BF4B-00C04F79EFBC}") = "TaskyJ.Interface.Android", "TaskyJ.Interface.Android\TaskyJ.Interface.Android.csproj", "{CC8FAED2-4D39-4ACC-A27C-514C99532243}"
EndProject
Project("{9A19103F-16F7-4668-BE54-9A1E7A4F7556}") = "TaskyJ.Business", "TaskyJ.Business\TaskyJ.Business.csproj", "{79DE5E4F-A600-4C68-87D2-846CC780BC08}"
EndProject
Project("{9A19103F-16F7-4668-BE54-9A1E7A4F7556}") = "TaskyJ.Services", "TaskyJ.Services\TaskyJ.Services.csproj", "{2A359A6A-7C55-40A7-B61A-89EFAA7C1B57}"
EndProject
Project("{9A19103F-16F7-4668-BE54-9A1E7A4F7556}") = "TaskyJ.DataRepo.STSDB", "TaskyJ.DataRepo.STSDB\TaskyJ.DataRepo.STSDB.csproj", "{0BDC983C-4572-46DB-AE00-C38683CA2704}"
EndProject
Project("{FAE04EC0-301F-11D3-BF4B-00C04F79EFBC}") = "TaskyJ.DataRepo.SQLite.Android", "TaskyJ.DataRepo.SQLite.Android\TaskyJ.DataRepo.SQLite.Android.csproj", "{CCA0DA8B-B243-47CE-80F0-7262557ACF57}"
EndProject
Project("{9A19103F-16F7-4668-BE54-9A1E7A4F7556}") = "TaskyJ.DataRepo.SQLite.Windows", "TaskyJ.DataRepo.SQLite.Windows\TaskyJ.DataRepo.SQLite.Windows.csproj", "{BF17C19C-9873-4EF6-9931-0F3EB391F68A}"
EndProject
Project("{9A19103F-16F7-4668-BE54-9A1E7A4F7556}") = "TaskyJ.DataRepo.SqlSrv.Windows", "TaskyJ.DataRepo.SqlSrv.Windows\TaskyJ.DataRepo.SqlSrv.Windows.csproj", "{C6B5CC89-1656-4EB3-9270-3B0B44D2013D}"
EndProject
Project("{2150E333-8FDC-42A3-9474-1A3956D46DE8}") = "0.Globals", "0.Globals", "{B793F5DE-E6B9-482C-A684-40892632CBDA}"
EndProject
Project("{2150E333-8FDC-42A3-9474-1A3956D46DE8}") = "1.Interface", "1.Interface", "{A17C5D99-89BB-4391-840D-C7EB403CFB25}"
EndProject
Project("{2150E333-8FDC-42A3-9474-1A3956D46DE8}") = "2.Business", "2.Business", "{51AD1ED3-8E36-47D8-B5E9-55043883C78E}"
EndProject
Project("{2150E333-8FDC-42A3-9474-1A3956D46DE8}") = "3.Services", "3.Services", "{8FC4EAE5-3228-4676-9C3F-351AE9CF88A0}"
EndProject
Project("{2150E333-8FDC-42A3-9474-1A3956D46DE8}") = "4.DataRepo", "4.DataRepo", "{C6A741E8-116B-40FC-A945-51FF6FFA814A}"
EndProject
Project("{2150E333-8FDC-42A3-9474-1A3956D46DE8}") = "9.ExternalServers", "9.ExternalServers", "{B433EE24-A367-4E4B-B94B-6DF947AEA230}"
EndProject
Project("{FAE04EC0-301F-11D3-BF4B-00C04F79EFBC}") = "TaskyJ.Interface.Windows", "TaskyJ.Interface.Windows\TaskyJ.Interface.Windows.csproj", "{60012968-7668-476B-A192-0A50A1E8B4AC}"
EndProject
Project("{9A19103F-16F7-4668-BE54-9A1E7A4F7556}") = "TaskyJ.Interface.AspNetCore", "TaskyJ.Interface.AspNetCore\TaskyJ.Interface.AspNetCore.csproj", "{C876A0CA-C492-4E25-BFEE-05EB6E9DCA8C}"
EndProject
Project("{9A19103F-16F7-4668-BE54-9A1E7A4F7556}") = "TaskyJ.Interface.Angular", "TaskyJ.Interface.Angular\TaskyJ.Interface.Angular.csproj", "{2F8971CA-125A-479A-8C85-56595228B7F5}"
EndProject
Project("{9A19103F-16F7-4668-BE54-9A1E7A4F7556}") = "TaskyJ.STSDB.Server", "TaskyJ.STSDBServer\TaskyJ.STSDB.Server.csproj", "{F46FF668-F640-45CF-A47A-3143E7F3428D}"
EndProject
Project("{9A19103F-16F7-4668-BE54-9A1E7A4F7556}") = "TaskyJ.Interface.React", "TaskyJ.Interface.React\TaskyJ.Interface.React.csproj", "{9514E338-273A-4B8B-BDDE-EDF389B5CD7E}"
EndProject
Project("{FAE04EC0-301F-11D3-BF4B-00C04F79EFBC}") = "TaskyJ.Interface.WPF", "TaskyJ.Interface.WPF\TaskyJ.Interface.WPF.csproj", "{82CCDD65-C536-4C7D-8AE1-ECD62EA1B128}"
EndProject
Project("{9A19103F-16F7-4668-BE54-9A1E7A4F7556}") = "TaskyJ.Interface.WPFNetCore", "TaskyJ.Interface.WPFNetCore\TaskyJ.Interface.WPFNetCore.csproj", "{26CE00BF-698C-4FF2-B91A-EADB64C9C306}"
EndProject
Project("{9A19103F-16F7-4668-BE54-9A1E7A4F7556}") = "TaskyJ.DataRepo.MongoDB", "TaskyJ.DataRepo.MongoDB\TaskyJ.DataRepo.MongoDB.csproj", "{0C9DC39C-10BA-46F7-BF12-0C9BA5BF2F36}"
EndProject
Project("{9A19103F-16F7-4668-BE54-9A1E7A4F7556}") = "TaskyJ.MongoDBServer", "TaskyJ.MongoDBServer\TaskyJ.MongoDBServer.csproj", "{A89E44DC-9AE8-4B96-847C-7D47EFCDF3A6}"
EndProject
Project("{9A19103F-16F7-4668-BE54-9A1E7A4F7556}") = "TaskyJ.Business.API.AspNetCore", "TaskyJ.Business.API.AspNetCore\TaskyJ.Business.API.AspNetCore.csproj", "{2161F4D3-5DF3-47FD-91F3-C6AB805BDE4E}"
EndProject
Project("{2150E333-8FDC-42A3-9474-1A3956D46DE8}") = "Solution Items", "Solution Items", "{A95B87F7-E81D-457C-90C3-208EF8723CBD}"
	ProjectSection(SolutionItems) = preProject
		README.md = README.md
	EndProjectSection
EndProject
Global
	GlobalSection(SolutionConfigurationPlatforms) = preSolution
		Debug|Any CPU = Debug|Any CPU
		Debug|iPhone = Debug|iPhone
		Debug|iPhoneSimulator = Debug|iPhoneSimulator
		Debug|x86 = Debug|x86
		Release|Any CPU = Release|Any CPU
		Release|iPhone = Release|iPhone
		Release|iPhoneSimulator = Release|iPhoneSimulator
		Release|x86 = Release|x86
	EndGlobalSection
	GlobalSection(ProjectConfigurationPlatforms) = postSolution
		{DB779B69-932B-40E5-BD14-855BE27CA483}.Debug|Any CPU.ActiveCfg = Debug|Any CPU
		{DB779B69-932B-40E5-BD14-855BE27CA483}.Debug|Any CPU.Build.0 = Debug|Any CPU
		{DB779B69-932B-40E5-BD14-855BE27CA483}.Debug|iPhone.ActiveCfg = Debug|Any CPU
		{DB779B69-932B-40E5-BD14-855BE27CA483}.Debug|iPhone.Build.0 = Debug|Any CPU
		{DB779B69-932B-40E5-BD14-855BE27CA483}.Debug|iPhoneSimulator.ActiveCfg = Debug|Any CPU
		{DB779B69-932B-40E5-BD14-855BE27CA483}.Debug|iPhoneSimulator.Build.0 = Debug|Any CPU
		{DB779B69-932B-40E5-BD14-855BE27CA483}.Debug|x86.ActiveCfg = Debug|Any CPU
		{DB779B69-932B-40E5-BD14-855BE27CA483}.Debug|x86.Build.0 = Debug|Any CPU
		{DB779B69-932B-40E5-BD14-855BE27CA483}.Release|Any CPU.ActiveCfg = Release|Any CPU
		{DB779B69-932B-40E5-BD14-855BE27CA483}.Release|Any CPU.Build.0 = Release|Any CPU
		{DB779B69-932B-40E5-BD14-855BE27CA483}.Release|iPhone.ActiveCfg = Release|Any CPU
		{DB779B69-932B-40E5-BD14-855BE27CA483}.Release|iPhone.Build.0 = Release|Any CPU
		{DB779B69-932B-40E5-BD14-855BE27CA483}.Release|iPhoneSimulator.ActiveCfg = Release|Any CPU
		{DB779B69-932B-40E5-BD14-855BE27CA483}.Release|iPhoneSimulator.Build.0 = Release|Any CPU
		{DB779B69-932B-40E5-BD14-855BE27CA483}.Release|x86.ActiveCfg = Release|Any CPU
		{DB779B69-932B-40E5-BD14-855BE27CA483}.Release|x86.Build.0 = Release|Any CPU
		{552361E1-F65A-4B64-A615-72B013E4A671}.Debug|Any CPU.ActiveCfg = Debug|Any CPU
		{552361E1-F65A-4B64-A615-72B013E4A671}.Debug|Any CPU.Build.0 = Debug|Any CPU
		{552361E1-F65A-4B64-A615-72B013E4A671}.Debug|iPhone.ActiveCfg = Debug|Any CPU
		{552361E1-F65A-4B64-A615-72B013E4A671}.Debug|iPhone.Build.0 = Debug|Any CPU
		{552361E1-F65A-4B64-A615-72B013E4A671}.Debug|iPhoneSimulator.ActiveCfg = Debug|Any CPU
		{552361E1-F65A-4B64-A615-72B013E4A671}.Debug|iPhoneSimulator.Build.0 = Debug|Any CPU
		{552361E1-F65A-4B64-A615-72B013E4A671}.Debug|x86.ActiveCfg = Debug|Any CPU
		{552361E1-F65A-4B64-A615-72B013E4A671}.Debug|x86.Build.0 = Debug|Any CPU
		{552361E1-F65A-4B64-A615-72B013E4A671}.Release|Any CPU.ActiveCfg = Release|Any CPU
		{552361E1-F65A-4B64-A615-72B013E4A671}.Release|Any CPU.Build.0 = Release|Any CPU
		{552361E1-F65A-4B64-A615-72B013E4A671}.Release|iPhone.ActiveCfg = Release|Any CPU
		{552361E1-F65A-4B64-A615-72B013E4A671}.Release|iPhone.Build.0 = Release|Any CPU
		{552361E1-F65A-4B64-A615-72B013E4A671}.Release|iPhoneSimulator.ActiveCfg = Release|Any CPU
		{552361E1-F65A-4B64-A615-72B013E4A671}.Release|iPhoneSimulator.Build.0 = Release|Any CPU
		{552361E1-F65A-4B64-A615-72B013E4A671}.Release|x86.ActiveCfg = Release|Any CPU
		{552361E1-F65A-4B64-A615-72B013E4A671}.Release|x86.Build.0 = Release|Any CPU
		{AA3525E5-4CEC-45AD-9888-9892E9A96B98}.Debug|Any CPU.ActiveCfg = Debug|Any CPU
		{AA3525E5-4CEC-45AD-9888-9892E9A96B98}.Debug|Any CPU.Build.0 = Debug|Any CPU
		{AA3525E5-4CEC-45AD-9888-9892E9A96B98}.Debug|iPhone.ActiveCfg = Debug|Any CPU
		{AA3525E5-4CEC-45AD-9888-9892E9A96B98}.Debug|iPhone.Build.0 = Debug|Any CPU
		{AA3525E5-4CEC-45AD-9888-9892E9A96B98}.Debug|iPhoneSimulator.ActiveCfg = Debug|Any CPU
		{AA3525E5-4CEC-45AD-9888-9892E9A96B98}.Debug|iPhoneSimulator.Build.0 = Debug|Any CPU
		{AA3525E5-4CEC-45AD-9888-9892E9A96B98}.Debug|x86.ActiveCfg = Debug|Any CPU
		{AA3525E5-4CEC-45AD-9888-9892E9A96B98}.Debug|x86.Build.0 = Debug|Any CPU
		{AA3525E5-4CEC-45AD-9888-9892E9A96B98}.Release|Any CPU.ActiveCfg = Release|Any CPU
		{AA3525E5-4CEC-45AD-9888-9892E9A96B98}.Release|Any CPU.Build.0 = Release|Any CPU
		{AA3525E5-4CEC-45AD-9888-9892E9A96B98}.Release|iPhone.ActiveCfg = Release|Any CPU
		{AA3525E5-4CEC-45AD-9888-9892E9A96B98}.Release|iPhone.Build.0 = Release|Any CPU
		{AA3525E5-4CEC-45AD-9888-9892E9A96B98}.Release|iPhoneSimulator.ActiveCfg = Release|Any CPU
		{AA3525E5-4CEC-45AD-9888-9892E9A96B98}.Release|iPhoneSimulator.Build.0 = Release|Any CPU
		{AA3525E5-4CEC-45AD-9888-9892E9A96B98}.Release|x86.ActiveCfg = Release|Any CPU
		{AA3525E5-4CEC-45AD-9888-9892E9A96B98}.Release|x86.Build.0 = Release|Any CPU
		{CC8FAED2-4D39-4ACC-A27C-514C99532243}.Debug|Any CPU.ActiveCfg = Debug|Any CPU
		{CC8FAED2-4D39-4ACC-A27C-514C99532243}.Debug|Any CPU.Build.0 = Debug|Any CPU
		{CC8FAED2-4D39-4ACC-A27C-514C99532243}.Debug|Any CPU.Deploy.0 = Debug|Any CPU
		{CC8FAED2-4D39-4ACC-A27C-514C99532243}.Debug|iPhone.ActiveCfg = Debug|Any CPU
		{CC8FAED2-4D39-4ACC-A27C-514C99532243}.Debug|iPhone.Build.0 = Debug|Any CPU
		{CC8FAED2-4D39-4ACC-A27C-514C99532243}.Debug|iPhone.Deploy.0 = Debug|Any CPU
		{CC8FAED2-4D39-4ACC-A27C-514C99532243}.Debug|iPhoneSimulator.ActiveCfg = Debug|Any CPU
		{CC8FAED2-4D39-4ACC-A27C-514C99532243}.Debug|iPhoneSimulator.Build.0 = Debug|Any CPU
		{CC8FAED2-4D39-4ACC-A27C-514C99532243}.Debug|iPhoneSimulator.Deploy.0 = Debug|Any CPU
		{CC8FAED2-4D39-4ACC-A27C-514C99532243}.Debug|x86.ActiveCfg = Debug|Any CPU
		{CC8FAED2-4D39-4ACC-A27C-514C99532243}.Debug|x86.Build.0 = Debug|Any CPU
		{CC8FAED2-4D39-4ACC-A27C-514C99532243}.Debug|x86.Deploy.0 = Debug|Any CPU
		{CC8FAED2-4D39-4ACC-A27C-514C99532243}.Release|Any CPU.ActiveCfg = Release|Any CPU
		{CC8FAED2-4D39-4ACC-A27C-514C99532243}.Release|Any CPU.Build.0 = Release|Any CPU
		{CC8FAED2-4D39-4ACC-A27C-514C99532243}.Release|Any CPU.Deploy.0 = Release|Any CPU
		{CC8FAED2-4D39-4ACC-A27C-514C99532243}.Release|iPhone.ActiveCfg = Release|Any CPU
		{CC8FAED2-4D39-4ACC-A27C-514C99532243}.Release|iPhone.Build.0 = Release|Any CPU
		{CC8FAED2-4D39-4ACC-A27C-514C99532243}.Release|iPhone.Deploy.0 = Release|Any CPU
		{CC8FAED2-4D39-4ACC-A27C-514C99532243}.Release|iPhoneSimulator.ActiveCfg = Release|Any CPU
		{CC8FAED2-4D39-4ACC-A27C-514C99532243}.Release|iPhoneSimulator.Build.0 = Release|Any CPU
		{CC8FAED2-4D39-4ACC-A27C-514C99532243}.Release|iPhoneSimulator.Deploy.0 = Release|Any CPU
		{CC8FAED2-4D39-4ACC-A27C-514C99532243}.Release|x86.ActiveCfg = Release|Any CPU
		{CC8FAED2-4D39-4ACC-A27C-514C99532243}.Release|x86.Build.0 = Release|Any CPU
		{CC8FAED2-4D39-4ACC-A27C-514C99532243}.Release|x86.Deploy.0 = Release|Any CPU
		{79DE5E4F-A600-4C68-87D2-846CC780BC08}.Debug|Any CPU.ActiveCfg = Debug|Any CPU
		{79DE5E4F-A600-4C68-87D2-846CC780BC08}.Debug|Any CPU.Build.0 = Debug|Any CPU
		{79DE5E4F-A600-4C68-87D2-846CC780BC08}.Debug|iPhone.ActiveCfg = Debug|Any CPU
		{79DE5E4F-A600-4C68-87D2-846CC780BC08}.Debug|iPhone.Build.0 = Debug|Any CPU
		{79DE5E4F-A600-4C68-87D2-846CC780BC08}.Debug|iPhoneSimulator.ActiveCfg = Debug|Any CPU
		{79DE5E4F-A600-4C68-87D2-846CC780BC08}.Debug|iPhoneSimulator.Build.0 = Debug|Any CPU
		{79DE5E4F-A600-4C68-87D2-846CC780BC08}.Debug|x86.ActiveCfg = Debug|Any CPU
		{79DE5E4F-A600-4C68-87D2-846CC780BC08}.Debug|x86.Build.0 = Debug|Any CPU
		{79DE5E4F-A600-4C68-87D2-846CC780BC08}.Release|Any CPU.ActiveCfg = Release|Any CPU
		{79DE5E4F-A600-4C68-87D2-846CC780BC08}.Release|Any CPU.Build.0 = Release|Any CPU
		{79DE5E4F-A600-4C68-87D2-846CC780BC08}.Release|iPhone.ActiveCfg = Release|Any CPU
		{79DE5E4F-A600-4C68-87D2-846CC780BC08}.Release|iPhone.Build.0 = Release|Any CPU
		{79DE5E4F-A600-4C68-87D2-846CC780BC08}.Release|iPhoneSimulator.ActiveCfg = Release|Any CPU
		{79DE5E4F-A600-4C68-87D2-846CC780BC08}.Release|iPhoneSimulator.Build.0 = Release|Any CPU
		{79DE5E4F-A600-4C68-87D2-846CC780BC08}.Release|x86.ActiveCfg = Release|Any CPU
		{79DE5E4F-A600-4C68-87D2-846CC780BC08}.Release|x86.Build.0 = Release|Any CPU
		{2A359A6A-7C55-40A7-B61A-89EFAA7C1B57}.Debug|Any CPU.ActiveCfg = Debug|Any CPU
		{2A359A6A-7C55-40A7-B61A-89EFAA7C1B57}.Debug|Any CPU.Build.0 = Debug|Any CPU
		{2A359A6A-7C55-40A7-B61A-89EFAA7C1B57}.Debug|iPhone.ActiveCfg = Debug|Any CPU
		{2A359A6A-7C55-40A7-B61A-89EFAA7C1B57}.Debug|iPhone.Build.0 = Debug|Any CPU
		{2A359A6A-7C55-40A7-B61A-89EFAA7C1B57}.Debug|iPhoneSimulator.ActiveCfg = Debug|Any CPU
		{2A359A6A-7C55-40A7-B61A-89EFAA7C1B57}.Debug|iPhoneSimulator.Build.0 = Debug|Any CPU
		{2A359A6A-7C55-40A7-B61A-89EFAA7C1B57}.Debug|x86.ActiveCfg = Debug|Any CPU
		{2A359A6A-7C55-40A7-B61A-89EFAA7C1B57}.Debug|x86.Build.0 = Debug|Any CPU
		{2A359A6A-7C55-40A7-B61A-89EFAA7C1B57}.Release|Any CPU.ActiveCfg = Release|Any CPU
		{2A359A6A-7C55-40A7-B61A-89EFAA7C1B57}.Release|Any CPU.Build.0 = Release|Any CPU
		{2A359A6A-7C55-40A7-B61A-89EFAA7C1B57}.Release|iPhone.ActiveCfg = Release|Any CPU
		{2A359A6A-7C55-40A7-B61A-89EFAA7C1B57}.Release|iPhone.Build.0 = Release|Any CPU
		{2A359A6A-7C55-40A7-B61A-89EFAA7C1B57}.Release|iPhoneSimulator.ActiveCfg = Release|Any CPU
		{2A359A6A-7C55-40A7-B61A-89EFAA7C1B57}.Release|iPhoneSimulator.Build.0 = Release|Any CPU
		{2A359A6A-7C55-40A7-B61A-89EFAA7C1B57}.Release|x86.ActiveCfg = Release|Any CPU
		{2A359A6A-7C55-40A7-B61A-89EFAA7C1B57}.Release|x86.Build.0 = Release|Any CPU
		{0BDC983C-4572-46DB-AE00-C38683CA2704}.Debug|Any CPU.ActiveCfg = Debug|Any CPU
		{0BDC983C-4572-46DB-AE00-C38683CA2704}.Debug|Any CPU.Build.0 = Debug|Any CPU
		{0BDC983C-4572-46DB-AE00-C38683CA2704}.Debug|iPhone.ActiveCfg = Debug|Any CPU
		{0BDC983C-4572-46DB-AE00-C38683CA2704}.Debug|iPhone.Build.0 = Debug|Any CPU
		{0BDC983C-4572-46DB-AE00-C38683CA2704}.Debug|iPhoneSimulator.ActiveCfg = Debug|Any CPU
		{0BDC983C-4572-46DB-AE00-C38683CA2704}.Debug|iPhoneSimulator.Build.0 = Debug|Any CPU
		{0BDC983C-4572-46DB-AE00-C38683CA2704}.Debug|x86.ActiveCfg = Debug|Any CPU
		{0BDC983C-4572-46DB-AE00-C38683CA2704}.Debug|x86.Build.0 = Debug|Any CPU
		{0BDC983C-4572-46DB-AE00-C38683CA2704}.Release|Any CPU.ActiveCfg = Release|Any CPU
		{0BDC983C-4572-46DB-AE00-C38683CA2704}.Release|Any CPU.Build.0 = Release|Any CPU
		{0BDC983C-4572-46DB-AE00-C38683CA2704}.Release|iPhone.ActiveCfg = Release|Any CPU
		{0BDC983C-4572-46DB-AE00-C38683CA2704}.Release|iPhone.Build.0 = Release|Any CPU
		{0BDC983C-4572-46DB-AE00-C38683CA2704}.Release|iPhoneSimulator.ActiveCfg = Release|Any CPU
		{0BDC983C-4572-46DB-AE00-C38683CA2704}.Release|iPhoneSimulator.Build.0 = Release|Any CPU
		{0BDC983C-4572-46DB-AE00-C38683CA2704}.Release|x86.ActiveCfg = Release|Any CPU
		{0BDC983C-4572-46DB-AE00-C38683CA2704}.Release|x86.Build.0 = Release|Any CPU
		{CCA0DA8B-B243-47CE-80F0-7262557ACF57}.Debug|Any CPU.ActiveCfg = Debug|Any CPU
		{CCA0DA8B-B243-47CE-80F0-7262557ACF57}.Debug|Any CPU.Build.0 = Debug|Any CPU
		{CCA0DA8B-B243-47CE-80F0-7262557ACF57}.Debug|iPhone.ActiveCfg = Debug|Any CPU
		{CCA0DA8B-B243-47CE-80F0-7262557ACF57}.Debug|iPhone.Build.0 = Debug|Any CPU
		{CCA0DA8B-B243-47CE-80F0-7262557ACF57}.Debug|iPhoneSimulator.ActiveCfg = Debug|Any CPU
		{CCA0DA8B-B243-47CE-80F0-7262557ACF57}.Debug|iPhoneSimulator.Build.0 = Debug|Any CPU
		{CCA0DA8B-B243-47CE-80F0-7262557ACF57}.Debug|x86.ActiveCfg = Debug|Any CPU
		{CCA0DA8B-B243-47CE-80F0-7262557ACF57}.Debug|x86.Build.0 = Debug|Any CPU
		{CCA0DA8B-B243-47CE-80F0-7262557ACF57}.Release|Any CPU.ActiveCfg = Release|Any CPU
		{CCA0DA8B-B243-47CE-80F0-7262557ACF57}.Release|Any CPU.Build.0 = Release|Any CPU
		{CCA0DA8B-B243-47CE-80F0-7262557ACF57}.Release|iPhone.ActiveCfg = Release|Any CPU
		{CCA0DA8B-B243-47CE-80F0-7262557ACF57}.Release|iPhone.Build.0 = Release|Any CPU
		{CCA0DA8B-B243-47CE-80F0-7262557ACF57}.Release|iPhoneSimulator.ActiveCfg = Release|Any CPU
		{CCA0DA8B-B243-47CE-80F0-7262557ACF57}.Release|iPhoneSimulator.Build.0 = Release|Any CPU
		{CCA0DA8B-B243-47CE-80F0-7262557ACF57}.Release|x86.ActiveCfg = Release|Any CPU
		{CCA0DA8B-B243-47CE-80F0-7262557ACF57}.Release|x86.Build.0 = Release|Any CPU
		{BF17C19C-9873-4EF6-9931-0F3EB391F68A}.Debug|Any CPU.ActiveCfg = Debug|Any CPU
		{BF17C19C-9873-4EF6-9931-0F3EB391F68A}.Debug|Any CPU.Build.0 = Debug|Any CPU
		{BF17C19C-9873-4EF6-9931-0F3EB391F68A}.Debug|iPhone.ActiveCfg = Debug|Any CPU
		{BF17C19C-9873-4EF6-9931-0F3EB391F68A}.Debug|iPhone.Build.0 = Debug|Any CPU
		{BF17C19C-9873-4EF6-9931-0F3EB391F68A}.Debug|iPhoneSimulator.ActiveCfg = Debug|Any CPU
		{BF17C19C-9873-4EF6-9931-0F3EB391F68A}.Debug|iPhoneSimulator.Build.0 = Debug|Any CPU
		{BF17C19C-9873-4EF6-9931-0F3EB391F68A}.Debug|x86.ActiveCfg = Debug|Any CPU
		{BF17C19C-9873-4EF6-9931-0F3EB391F68A}.Debug|x86.Build.0 = Debug|Any CPU
		{BF17C19C-9873-4EF6-9931-0F3EB391F68A}.Release|Any CPU.ActiveCfg = Release|Any CPU
		{BF17C19C-9873-4EF6-9931-0F3EB391F68A}.Release|Any CPU.Build.0 = Release|Any CPU
		{BF17C19C-9873-4EF6-9931-0F3EB391F68A}.Release|iPhone.ActiveCfg = Release|Any CPU
		{BF17C19C-9873-4EF6-9931-0F3EB391F68A}.Release|iPhone.Build.0 = Release|Any CPU
		{BF17C19C-9873-4EF6-9931-0F3EB391F68A}.Release|iPhoneSimulator.ActiveCfg = Release|Any CPU
		{BF17C19C-9873-4EF6-9931-0F3EB391F68A}.Release|iPhoneSimulator.Build.0 = Release|Any CPU
		{BF17C19C-9873-4EF6-9931-0F3EB391F68A}.Release|x86.ActiveCfg = Release|Any CPU
		{BF17C19C-9873-4EF6-9931-0F3EB391F68A}.Release|x86.Build.0 = Release|Any CPU
		{C6B5CC89-1656-4EB3-9270-3B0B44D2013D}.Debug|Any CPU.ActiveCfg = Debug|Any CPU
		{C6B5CC89-1656-4EB3-9270-3B0B44D2013D}.Debug|Any CPU.Build.0 = Debug|Any CPU
		{C6B5CC89-1656-4EB3-9270-3B0B44D2013D}.Debug|iPhone.ActiveCfg = Debug|Any CPU
		{C6B5CC89-1656-4EB3-9270-3B0B44D2013D}.Debug|iPhone.Build.0 = Debug|Any CPU
		{C6B5CC89-1656-4EB3-9270-3B0B44D2013D}.Debug|iPhoneSimulator.ActiveCfg = Debug|Any CPU
		{C6B5CC89-1656-4EB3-9270-3B0B44D2013D}.Debug|iPhoneSimulator.Build.0 = Debug|Any CPU
		{C6B5CC89-1656-4EB3-9270-3B0B44D2013D}.Debug|x86.ActiveCfg = Debug|Any CPU
		{C6B5CC89-1656-4EB3-9270-3B0B44D2013D}.Debug|x86.Build.0 = Debug|Any CPU
		{C6B5CC89-1656-4EB3-9270-3B0B44D2013D}.Release|Any CPU.ActiveCfg = Release|Any CPU
		{C6B5CC89-1656-4EB3-9270-3B0B44D2013D}.Release|Any CPU.Build.0 = Release|Any CPU
		{C6B5CC89-1656-4EB3-9270-3B0B44D2013D}.Release|iPhone.ActiveCfg = Release|Any CPU
		{C6B5CC89-1656-4EB3-9270-3B0B44D2013D}.Release|iPhone.Build.0 = Release|Any CPU
		{C6B5CC89-1656-4EB3-9270-3B0B44D2013D}.Release|iPhoneSimulator.ActiveCfg = Release|Any CPU
		{C6B5CC89-1656-4EB3-9270-3B0B44D2013D}.Release|iPhoneSimulator.Build.0 = Release|Any CPU
		{C6B5CC89-1656-4EB3-9270-3B0B44D2013D}.Release|x86.ActiveCfg = Release|Any CPU
		{C6B5CC89-1656-4EB3-9270-3B0B44D2013D}.Release|x86.Build.0 = Release|Any CPU
		{60012968-7668-476B-A192-0A50A1E8B4AC}.Debug|Any CPU.ActiveCfg = Debug|Any CPU
		{60012968-7668-476B-A192-0A50A1E8B4AC}.Debug|Any CPU.Build.0 = Debug|Any CPU
		{60012968-7668-476B-A192-0A50A1E8B4AC}.Debug|iPhone.ActiveCfg = Debug|Any CPU
		{60012968-7668-476B-A192-0A50A1E8B4AC}.Debug|iPhone.Build.0 = Debug|Any CPU
		{60012968-7668-476B-A192-0A50A1E8B4AC}.Debug|iPhoneSimulator.ActiveCfg = Debug|Any CPU
		{60012968-7668-476B-A192-0A50A1E8B4AC}.Debug|iPhoneSimulator.Build.0 = Debug|Any CPU
		{60012968-7668-476B-A192-0A50A1E8B4AC}.Debug|x86.ActiveCfg = Debug|Any CPU
		{60012968-7668-476B-A192-0A50A1E8B4AC}.Debug|x86.Build.0 = Debug|Any CPU
		{60012968-7668-476B-A192-0A50A1E8B4AC}.Release|Any CPU.ActiveCfg = Release|Any CPU
		{60012968-7668-476B-A192-0A50A1E8B4AC}.Release|Any CPU.Build.0 = Release|Any CPU
		{60012968-7668-476B-A192-0A50A1E8B4AC}.Release|iPhone.ActiveCfg = Release|Any CPU
		{60012968-7668-476B-A192-0A50A1E8B4AC}.Release|iPhone.Build.0 = Release|Any CPU
		{60012968-7668-476B-A192-0A50A1E8B4AC}.Release|iPhoneSimulator.ActiveCfg = Release|Any CPU
		{60012968-7668-476B-A192-0A50A1E8B4AC}.Release|iPhoneSimulator.Build.0 = Release|Any CPU
		{60012968-7668-476B-A192-0A50A1E8B4AC}.Release|x86.ActiveCfg = Release|Any CPU
		{60012968-7668-476B-A192-0A50A1E8B4AC}.Release|x86.Build.0 = Release|Any CPU
		{C876A0CA-C492-4E25-BFEE-05EB6E9DCA8C}.Debug|Any CPU.ActiveCfg = Debug|Any CPU
		{C876A0CA-C492-4E25-BFEE-05EB6E9DCA8C}.Debug|Any CPU.Build.0 = Debug|Any CPU
		{C876A0CA-C492-4E25-BFEE-05EB6E9DCA8C}.Debug|iPhone.ActiveCfg = Debug|Any CPU
		{C876A0CA-C492-4E25-BFEE-05EB6E9DCA8C}.Debug|iPhone.Build.0 = Debug|Any CPU
		{C876A0CA-C492-4E25-BFEE-05EB6E9DCA8C}.Debug|iPhoneSimulator.ActiveCfg = Debug|Any CPU
		{C876A0CA-C492-4E25-BFEE-05EB6E9DCA8C}.Debug|iPhoneSimulator.Build.0 = Debug|Any CPU
		{C876A0CA-C492-4E25-BFEE-05EB6E9DCA8C}.Debug|x86.ActiveCfg = Debug|Any CPU
		{C876A0CA-C492-4E25-BFEE-05EB6E9DCA8C}.Debug|x86.Build.0 = Debug|Any CPU
		{C876A0CA-C492-4E25-BFEE-05EB6E9DCA8C}.Release|Any CPU.ActiveCfg = Release|Any CPU
		{C876A0CA-C492-4E25-BFEE-05EB6E9DCA8C}.Release|Any CPU.Build.0 = Release|Any CPU
		{C876A0CA-C492-4E25-BFEE-05EB6E9DCA8C}.Release|iPhone.ActiveCfg = Release|Any CPU
		{C876A0CA-C492-4E25-BFEE-05EB6E9DCA8C}.Release|iPhone.Build.0 = Release|Any CPU
		{C876A0CA-C492-4E25-BFEE-05EB6E9DCA8C}.Release|iPhoneSimulator.ActiveCfg = Release|Any CPU
		{C876A0CA-C492-4E25-BFEE-05EB6E9DCA8C}.Release|iPhoneSimulator.Build.0 = Release|Any CPU
		{C876A0CA-C492-4E25-BFEE-05EB6E9DCA8C}.Release|x86.ActiveCfg = Release|Any CPU
		{C876A0CA-C492-4E25-BFEE-05EB6E9DCA8C}.Release|x86.Build.0 = Release|Any CPU
		{2F8971CA-125A-479A-8C85-56595228B7F5}.Debug|Any CPU.ActiveCfg = Debug|Any CPU
		{2F8971CA-125A-479A-8C85-56595228B7F5}.Debug|Any CPU.Build.0 = Debug|Any CPU
		{2F8971CA-125A-479A-8C85-56595228B7F5}.Debug|iPhone.ActiveCfg = Debug|Any CPU
		{2F8971CA-125A-479A-8C85-56595228B7F5}.Debug|iPhone.Build.0 = Debug|Any CPU
		{2F8971CA-125A-479A-8C85-56595228B7F5}.Debug|iPhoneSimulator.ActiveCfg = Debug|Any CPU
		{2F8971CA-125A-479A-8C85-56595228B7F5}.Debug|iPhoneSimulator.Build.0 = Debug|Any CPU
		{2F8971CA-125A-479A-8C85-56595228B7F5}.Debug|x86.ActiveCfg = Debug|Any CPU
		{2F8971CA-125A-479A-8C85-56595228B7F5}.Debug|x86.Build.0 = Debug|Any CPU
		{2F8971CA-125A-479A-8C85-56595228B7F5}.Release|Any CPU.ActiveCfg = Release|Any CPU
		{2F8971CA-125A-479A-8C85-56595228B7F5}.Release|Any CPU.Build.0 = Release|Any CPU
		{2F8971CA-125A-479A-8C85-56595228B7F5}.Release|iPhone.ActiveCfg = Release|Any CPU
		{2F8971CA-125A-479A-8C85-56595228B7F5}.Release|iPhone.Build.0 = Release|Any CPU
		{2F8971CA-125A-479A-8C85-56595228B7F5}.Release|iPhoneSimulator.ActiveCfg = Release|Any CPU
		{2F8971CA-125A-479A-8C85-56595228B7F5}.Release|iPhoneSimulator.Build.0 = Release|Any CPU
		{2F8971CA-125A-479A-8C85-56595228B7F5}.Release|x86.ActiveCfg = Release|Any CPU
		{2F8971CA-125A-479A-8C85-56595228B7F5}.Release|x86.Build.0 = Release|Any CPU
		{F46FF668-F640-45CF-A47A-3143E7F3428D}.Debug|Any CPU.ActiveCfg = Debug|Any CPU
		{F46FF668-F640-45CF-A47A-3143E7F3428D}.Debug|Any CPU.Build.0 = Debug|Any CPU
		{F46FF668-F640-45CF-A47A-3143E7F3428D}.Debug|iPhone.ActiveCfg = Debug|Any CPU
		{F46FF668-F640-45CF-A47A-3143E7F3428D}.Debug|iPhone.Build.0 = Debug|Any CPU
		{F46FF668-F640-45CF-A47A-3143E7F3428D}.Debug|iPhoneSimulator.ActiveCfg = Debug|Any CPU
		{F46FF668-F640-45CF-A47A-3143E7F3428D}.Debug|iPhoneSimulator.Build.0 = Debug|Any CPU
		{F46FF668-F640-45CF-A47A-3143E7F3428D}.Debug|x86.ActiveCfg = Debug|Any CPU
		{F46FF668-F640-45CF-A47A-3143E7F3428D}.Debug|x86.Build.0 = Debug|Any CPU
		{F46FF668-F640-45CF-A47A-3143E7F3428D}.Release|Any CPU.ActiveCfg = Release|Any CPU
		{F46FF668-F640-45CF-A47A-3143E7F3428D}.Release|Any CPU.Build.0 = Release|Any CPU
		{F46FF668-F640-45CF-A47A-3143E7F3428D}.Release|iPhone.ActiveCfg = Release|Any CPU
		{F46FF668-F640-45CF-A47A-3143E7F3428D}.Release|iPhone.Build.0 = Release|Any CPU
		{F46FF668-F640-45CF-A47A-3143E7F3428D}.Release|iPhoneSimulator.ActiveCfg = Release|Any CPU
		{F46FF668-F640-45CF-A47A-3143E7F3428D}.Release|iPhoneSimulator.Build.0 = Release|Any CPU
		{F46FF668-F640-45CF-A47A-3143E7F3428D}.Release|x86.ActiveCfg = Release|Any CPU
		{F46FF668-F640-45CF-A47A-3143E7F3428D}.Release|x86.Build.0 = Release|Any CPU
		{9514E338-273A-4B8B-BDDE-EDF389B5CD7E}.Debug|Any CPU.ActiveCfg = Debug|Any CPU
		{9514E338-273A-4B8B-BDDE-EDF389B5CD7E}.Debug|Any CPU.Build.0 = Debug|Any CPU
		{9514E338-273A-4B8B-BDDE-EDF389B5CD7E}.Debug|iPhone.ActiveCfg = Debug|Any CPU
		{9514E338-273A-4B8B-BDDE-EDF389B5CD7E}.Debug|iPhone.Build.0 = Debug|Any CPU
		{9514E338-273A-4B8B-BDDE-EDF389B5CD7E}.Debug|iPhoneSimulator.ActiveCfg = Debug|Any CPU
		{9514E338-273A-4B8B-BDDE-EDF389B5CD7E}.Debug|iPhoneSimulator.Build.0 = Debug|Any CPU
		{9514E338-273A-4B8B-BDDE-EDF389B5CD7E}.Debug|x86.ActiveCfg = Debug|Any CPU
		{9514E338-273A-4B8B-BDDE-EDF389B5CD7E}.Debug|x86.Build.0 = Debug|Any CPU
		{9514E338-273A-4B8B-BDDE-EDF389B5CD7E}.Release|Any CPU.ActiveCfg = Release|Any CPU
		{9514E338-273A-4B8B-BDDE-EDF389B5CD7E}.Release|Any CPU.Build.0 = Release|Any CPU
		{9514E338-273A-4B8B-BDDE-EDF389B5CD7E}.Release|iPhone.ActiveCfg = Release|Any CPU
		{9514E338-273A-4B8B-BDDE-EDF389B5CD7E}.Release|iPhone.Build.0 = Release|Any CPU
		{9514E338-273A-4B8B-BDDE-EDF389B5CD7E}.Release|iPhoneSimulator.ActiveCfg = Release|Any CPU
		{9514E338-273A-4B8B-BDDE-EDF389B5CD7E}.Release|iPhoneSimulator.Build.0 = Release|Any CPU
		{9514E338-273A-4B8B-BDDE-EDF389B5CD7E}.Release|x86.ActiveCfg = Release|Any CPU
		{9514E338-273A-4B8B-BDDE-EDF389B5CD7E}.Release|x86.Build.0 = Release|Any CPU
		{82CCDD65-C536-4C7D-8AE1-ECD62EA1B128}.Debug|Any CPU.ActiveCfg = Debug|Any CPU
		{82CCDD65-C536-4C7D-8AE1-ECD62EA1B128}.Debug|Any CPU.Build.0 = Debug|Any CPU
		{82CCDD65-C536-4C7D-8AE1-ECD62EA1B128}.Debug|iPhone.ActiveCfg = Debug|Any CPU
		{82CCDD65-C536-4C7D-8AE1-ECD62EA1B128}.Debug|iPhone.Build.0 = Debug|Any CPU
		{82CCDD65-C536-4C7D-8AE1-ECD62EA1B128}.Debug|iPhoneSimulator.ActiveCfg = Debug|Any CPU
		{82CCDD65-C536-4C7D-8AE1-ECD62EA1B128}.Debug|iPhoneSimulator.Build.0 = Debug|Any CPU
		{82CCDD65-C536-4C7D-8AE1-ECD62EA1B128}.Debug|x86.ActiveCfg = Debug|Any CPU
		{82CCDD65-C536-4C7D-8AE1-ECD62EA1B128}.Debug|x86.Build.0 = Debug|Any CPU
		{82CCDD65-C536-4C7D-8AE1-ECD62EA1B128}.Release|Any CPU.ActiveCfg = Release|Any CPU
		{82CCDD65-C536-4C7D-8AE1-ECD62EA1B128}.Release|Any CPU.Build.0 = Release|Any CPU
		{82CCDD65-C536-4C7D-8AE1-ECD62EA1B128}.Release|iPhone.ActiveCfg = Release|Any CPU
		{82CCDD65-C536-4C7D-8AE1-ECD62EA1B128}.Release|iPhone.Build.0 = Release|Any CPU
		{82CCDD65-C536-4C7D-8AE1-ECD62EA1B128}.Release|iPhoneSimulator.ActiveCfg = Release|Any CPU
		{82CCDD65-C536-4C7D-8AE1-ECD62EA1B128}.Release|iPhoneSimulator.Build.0 = Release|Any CPU
		{82CCDD65-C536-4C7D-8AE1-ECD62EA1B128}.Release|x86.ActiveCfg = Release|Any CPU
		{82CCDD65-C536-4C7D-8AE1-ECD62EA1B128}.Release|x86.Build.0 = Release|Any CPU
		{26CE00BF-698C-4FF2-B91A-EADB64C9C306}.Debug|Any CPU.ActiveCfg = Debug|Any CPU
		{26CE00BF-698C-4FF2-B91A-EADB64C9C306}.Debug|Any CPU.Build.0 = Debug|Any CPU
		{26CE00BF-698C-4FF2-B91A-EADB64C9C306}.Debug|iPhone.ActiveCfg = Debug|Any CPU
		{26CE00BF-698C-4FF2-B91A-EADB64C9C306}.Debug|iPhone.Build.0 = Debug|Any CPU
		{26CE00BF-698C-4FF2-B91A-EADB64C9C306}.Debug|iPhoneSimulator.ActiveCfg = Debug|Any CPU
		{26CE00BF-698C-4FF2-B91A-EADB64C9C306}.Debug|iPhoneSimulator.Build.0 = Debug|Any CPU
		{26CE00BF-698C-4FF2-B91A-EADB64C9C306}.Debug|x86.ActiveCfg = Debug|Any CPU
		{26CE00BF-698C-4FF2-B91A-EADB64C9C306}.Debug|x86.Build.0 = Debug|Any CPU
		{26CE00BF-698C-4FF2-B91A-EADB64C9C306}.Release|Any CPU.ActiveCfg = Release|Any CPU
		{26CE00BF-698C-4FF2-B91A-EADB64C9C306}.Release|Any CPU.Build.0 = Release|Any CPU
		{26CE00BF-698C-4FF2-B91A-EADB64C9C306}.Release|iPhone.ActiveCfg = Release|Any CPU
		{26CE00BF-698C-4FF2-B91A-EADB64C9C306}.Release|iPhone.Build.0 = Release|Any CPU
		{26CE00BF-698C-4FF2-B91A-EADB64C9C306}.Release|iPhoneSimulator.ActiveCfg = Release|Any CPU
		{26CE00BF-698C-4FF2-B91A-EADB64C9C306}.Release|iPhoneSimulator.Build.0 = Release|Any CPU
		{26CE00BF-698C-4FF2-B91A-EADB64C9C306}.Release|x86.ActiveCfg = Release|Any CPU
		{26CE00BF-698C-4FF2-B91A-EADB64C9C306}.Release|x86.Build.0 = Release|Any CPU
		{0C9DC39C-10BA-46F7-BF12-0C9BA5BF2F36}.Debug|Any CPU.ActiveCfg = Debug|Any CPU
		{0C9DC39C-10BA-46F7-BF12-0C9BA5BF2F36}.Debug|Any CPU.Build.0 = Debug|Any CPU
		{0C9DC39C-10BA-46F7-BF12-0C9BA5BF2F36}.Debug|iPhone.ActiveCfg = Debug|Any CPU
		{0C9DC39C-10BA-46F7-BF12-0C9BA5BF2F36}.Debug|iPhone.Build.0 = Debug|Any CPU
		{0C9DC39C-10BA-46F7-BF12-0C9BA5BF2F36}.Debug|iPhoneSimulator.ActiveCfg = Debug|Any CPU
		{0C9DC39C-10BA-46F7-BF12-0C9BA5BF2F36}.Debug|iPhoneSimulator.Build.0 = Debug|Any CPU
		{0C9DC39C-10BA-46F7-BF12-0C9BA5BF2F36}.Debug|x86.ActiveCfg = Debug|Any CPU
		{0C9DC39C-10BA-46F7-BF12-0C9BA5BF2F36}.Debug|x86.Build.0 = Debug|Any CPU
		{0C9DC39C-10BA-46F7-BF12-0C9BA5BF2F36}.Release|Any CPU.ActiveCfg = Release|Any CPU
		{0C9DC39C-10BA-46F7-BF12-0C9BA5BF2F36}.Release|Any CPU.Build.0 = Release|Any CPU
		{0C9DC39C-10BA-46F7-BF12-0C9BA5BF2F36}.Release|iPhone.ActiveCfg = Release|Any CPU
		{0C9DC39C-10BA-46F7-BF12-0C9BA5BF2F36}.Release|iPhone.Build.0 = Release|Any CPU
		{0C9DC39C-10BA-46F7-BF12-0C9BA5BF2F36}.Release|iPhoneSimulator.ActiveCfg = Release|Any CPU
		{0C9DC39C-10BA-46F7-BF12-0C9BA5BF2F36}.Release|iPhoneSimulator.Build.0 = Release|Any CPU
		{0C9DC39C-10BA-46F7-BF12-0C9BA5BF2F36}.Release|x86.ActiveCfg = Release|Any CPU
		{0C9DC39C-10BA-46F7-BF12-0C9BA5BF2F36}.Release|x86.Build.0 = Release|Any CPU
		{A89E44DC-9AE8-4B96-847C-7D47EFCDF3A6}.Debug|Any CPU.ActiveCfg = Debug|Any CPU
		{A89E44DC-9AE8-4B96-847C-7D47EFCDF3A6}.Debug|Any CPU.Build.0 = Debug|Any CPU
		{A89E44DC-9AE8-4B96-847C-7D47EFCDF3A6}.Debug|iPhone.ActiveCfg = Debug|Any CPU
		{A89E44DC-9AE8-4B96-847C-7D47EFCDF3A6}.Debug|iPhone.Build.0 = Debug|Any CPU
		{A89E44DC-9AE8-4B96-847C-7D47EFCDF3A6}.Debug|iPhoneSimulator.ActiveCfg = Debug|Any CPU
		{A89E44DC-9AE8-4B96-847C-7D47EFCDF3A6}.Debug|iPhoneSimulator.Build.0 = Debug|Any CPU
		{A89E44DC-9AE8-4B96-847C-7D47EFCDF3A6}.Debug|x86.ActiveCfg = Debug|Any CPU
		{A89E44DC-9AE8-4B96-847C-7D47EFCDF3A6}.Debug|x86.Build.0 = Debug|Any CPU
		{A89E44DC-9AE8-4B96-847C-7D47EFCDF3A6}.Release|Any CPU.ActiveCfg = Release|Any CPU
		{A89E44DC-9AE8-4B96-847C-7D47EFCDF3A6}.Release|Any CPU.Build.0 = Release|Any CPU
		{A89E44DC-9AE8-4B96-847C-7D47EFCDF3A6}.Release|iPhone.ActiveCfg = Release|Any CPU
		{A89E44DC-9AE8-4B96-847C-7D47EFCDF3A6}.Release|iPhone.Build.0 = Release|Any CPU
		{A89E44DC-9AE8-4B96-847C-7D47EFCDF3A6}.Release|iPhoneSimulator.ActiveCfg = Release|Any CPU
		{A89E44DC-9AE8-4B96-847C-7D47EFCDF3A6}.Release|iPhoneSimulator.Build.0 = Release|Any CPU
		{A89E44DC-9AE8-4B96-847C-7D47EFCDF3A6}.Release|x86.ActiveCfg = Release|Any CPU
		{A89E44DC-9AE8-4B96-847C-7D47EFCDF3A6}.Release|x86.Build.0 = Release|Any CPU
		{2161F4D3-5DF3-47FD-91F3-C6AB805BDE4E}.Debug|Any CPU.ActiveCfg = Debug|Any CPU
		{2161F4D3-5DF3-47FD-91F3-C6AB805BDE4E}.Debug|Any CPU.Build.0 = Debug|Any CPU
		{2161F4D3-5DF3-47FD-91F3-C6AB805BDE4E}.Debug|iPhone.ActiveCfg = Debug|Any CPU
		{2161F4D3-5DF3-47FD-91F3-C6AB805BDE4E}.Debug|iPhone.Build.0 = Debug|Any CPU
		{2161F4D3-5DF3-47FD-91F3-C6AB805BDE4E}.Debug|iPhoneSimulator.ActiveCfg = Debug|Any CPU
		{2161F4D3-5DF3-47FD-91F3-C6AB805BDE4E}.Debug|iPhoneSimulator.Build.0 = Debug|Any CPU
		{2161F4D3-5DF3-47FD-91F3-C6AB805BDE4E}.Debug|x86.ActiveCfg = Debug|Any CPU
		{2161F4D3-5DF3-47FD-91F3-C6AB805BDE4E}.Debug|x86.Build.0 = Debug|Any CPU
		{2161F4D3-5DF3-47FD-91F3-C6AB805BDE4E}.Release|Any CPU.ActiveCfg = Release|Any CPU
		{2161F4D3-5DF3-47FD-91F3-C6AB805BDE4E}.Release|Any CPU.Build.0 = Release|Any CPU
		{2161F4D3-5DF3-47FD-91F3-C6AB805BDE4E}.Release|iPhone.ActiveCfg = Release|Any CPU
		{2161F4D3-5DF3-47FD-91F3-C6AB805BDE4E}.Release|iPhone.Build.0 = Release|Any CPU
		{2161F4D3-5DF3-47FD-91F3-C6AB805BDE4E}.Release|iPhoneSimulator.ActiveCfg = Release|Any CPU
		{2161F4D3-5DF3-47FD-91F3-C6AB805BDE4E}.Release|iPhoneSimulator.Build.0 = Release|Any CPU
		{2161F4D3-5DF3-47FD-91F3-C6AB805BDE4E}.Release|x86.ActiveCfg = Release|Any CPU
		{2161F4D3-5DF3-47FD-91F3-C6AB805BDE4E}.Release|x86.Build.0 = Release|Any CPU
	EndGlobalSection
	GlobalSection(SolutionProperties) = preSolution
		HideSolutionNode = FALSE
	EndGlobalSection
	GlobalSection(NestedProjects) = preSolution
		{DB779B69-932B-40E5-BD14-855BE27CA483} = {B793F5DE-E6B9-482C-A684-40892632CBDA}
		{552361E1-F65A-4B64-A615-72B013E4A671} = {B793F5DE-E6B9-482C-A684-40892632CBDA}
		{AA3525E5-4CEC-45AD-9888-9892E9A96B98} = {B793F5DE-E6B9-482C-A684-40892632CBDA}
		{CC8FAED2-4D39-4ACC-A27C-514C99532243} = {A17C5D99-89BB-4391-840D-C7EB403CFB25}
		{79DE5E4F-A600-4C68-87D2-846CC780BC08} = {51AD1ED3-8E36-47D8-B5E9-55043883C78E}
		{2A359A6A-7C55-40A7-B61A-89EFAA7C1B57} = {8FC4EAE5-3228-4676-9C3F-351AE9CF88A0}
		{0BDC983C-4572-46DB-AE00-C38683CA2704} = {C6A741E8-116B-40FC-A945-51FF6FFA814A}
		{CCA0DA8B-B243-47CE-80F0-7262557ACF57} = {C6A741E8-116B-40FC-A945-51FF6FFA814A}
		{BF17C19C-9873-4EF6-9931-0F3EB391F68A} = {C6A741E8-116B-40FC-A945-51FF6FFA814A}
		{C6B5CC89-1656-4EB3-9270-3B0B44D2013D} = {C6A741E8-116B-40FC-A945-51FF6FFA814A}
		{60012968-7668-476B-A192-0A50A1E8B4AC} = {A17C5D99-89BB-4391-840D-C7EB403CFB25}
		{C876A0CA-C492-4E25-BFEE-05EB6E9DCA8C} = {A17C5D99-89BB-4391-840D-C7EB403CFB25}
		{2F8971CA-125A-479A-8C85-56595228B7F5} = {A17C5D99-89BB-4391-840D-C7EB403CFB25}
		{F46FF668-F640-45CF-A47A-3143E7F3428D} = {B433EE24-A367-4E4B-B94B-6DF947AEA230}
		{9514E338-273A-4B8B-BDDE-EDF389B5CD7E} = {A17C5D99-89BB-4391-840D-C7EB403CFB25}
		{82CCDD65-C536-4C7D-8AE1-ECD62EA1B128} = {A17C5D99-89BB-4391-840D-C7EB403CFB25}
		{26CE00BF-698C-4FF2-B91A-EADB64C9C306} = {A17C5D99-89BB-4391-840D-C7EB403CFB25}
		{0C9DC39C-10BA-46F7-BF12-0C9BA5BF2F36} = {C6A741E8-116B-40FC-A945-51FF6FFA814A}
		{A89E44DC-9AE8-4B96-847C-7D47EFCDF3A6} = {B433EE24-A367-4E4B-B94B-6DF947AEA230}
		{2161F4D3-5DF3-47FD-91F3-C6AB805BDE4E} = {51AD1ED3-8E36-47D8-B5E9-55043883C78E}
	EndGlobalSection
	GlobalSection(ExtensibilityGlobals) = postSolution
		SolutionGuid = {C53101AD-3ABB-4C08-8162-9C4CB91A2119}
	EndGlobalSection
EndGlobal
