
Microsoft Visual Studio Solution File, Format Version 12.00
# Visual Studio Version 16
VisualStudioVersion = 16.0.30204.135
MinimumVisualStudioVersion = 10.0.40219.1
Project("{2150E333-8FDC-42A3-9474-1A3956D46DE8}") = "Solution Items", "Solution Items", "{9DB12ADD-E85A-4371-929D-ACD5121C005D}"
	ProjectSection(SolutionItems) = preProject
		cleanall.bat = cleanall.bat
		IDEAS.txt = IDEAS.txt
	EndProjectSection
EndProject
Project("{9A19103F-16F7-4668-BE54-9A1E7A4F7556}") = "TaskyJ.Globals.Data", "TaskyJ.Globals.Data\TaskyJ.Globals.Data.csproj", "{DB779B69-932B-40E5-BD14-855BE27CA483}"
EndProject
Project("{9A19103F-16F7-4668-BE54-9A1E7A4F7556}") = "TaskyJ.Globals.Windows", "TaskyJ.Globals.Windows\TaskyJ.Globals.Windows.csproj", "{AA3525E5-4CEC-45AD-9888-9892E9A96B98}"
EndProject
Project("{9A19103F-16F7-4668-BE54-9A1E7A4F7556}") = "TaskyJ.Services", "TaskyJ.Services\TaskyJ.Services.csproj", "{2A359A6A-7C55-40A7-B61A-89EFAA7C1B57}"
EndProject
Project("{9A19103F-16F7-4668-BE54-9A1E7A4F7556}") = "TaskyJ.DataRepo.STSDB", "TaskyJ.DataRepo.STSDB\TaskyJ.DataRepo.STSDB.csproj", "{0BDC983C-4572-46DB-AE00-C38683CA2704}"
EndProject
Project("{9A19103F-16F7-4668-BE54-9A1E7A4F7556}") = "TaskyJ.DataRepo.SQLite.Windows", "TaskyJ.DataRepo.SQLite.Windows\TaskyJ.DataRepo.SQLite.Windows.csproj", "{BF17C19C-9873-4EF6-9931-0F3EB391F68A}"
EndProject
Project("{9A19103F-16F7-4668-BE54-9A1E7A4F7556}") = "TaskyJ.DataRepo.SqlSrv.Windows", "TaskyJ.DataRepo.SqlSrv.Windows\TaskyJ.DataRepo.SqlSrv.Windows.csproj", "{C6B5CC89-1656-4EB3-9270-3B0B44D2013D}"
EndProject
Project("{2150E333-8FDC-42A3-9474-1A3956D46DE8}") = "0.Globals", "0.Globals", "{B793F5DE-E6B9-482C-A684-40892632CBDA}"
EndProject
Project("{2150E333-8FDC-42A3-9474-1A3956D46DE8}") = "1.Interface", "1.Interface", "{A17C5D99-89BB-4391-840D-C7EB403CFB25}"
EndProject
Project("{2150E333-8FDC-42A3-9474-1A3956D46DE8}") = "2.Business", "2.Business", "{51AD1ED3-8E36-47D8-B5E9-55043883C78E}"
EndProject
Project("{2150E333-8FDC-42A3-9474-1A3956D46DE8}") = "3.Services", "3.Services", "{8FC4EAE5-3228-4676-9C3F-351AE9CF88A0}"
EndProject
Project("{2150E333-8FDC-42A3-9474-1A3956D46DE8}") = "4.DataRepo", "4.DataRepo", "{C6A741E8-116B-40FC-A945-51FF6FFA814A}"
EndProject
Project("{2150E333-8FDC-42A3-9474-1A3956D46DE8}") = "9.ExternalServers", "9.ExternalServers", "{B433EE24-A367-4E4B-B94B-6DF947AEA230}"
EndProject
Project("{9A19103F-16F7-4668-BE54-9A1E7A4F7556}") = "TaskyJ.Interface.AspNetCore", "TaskyJ.Interface.AspNetCore\TaskyJ.Interface.AspNetCore.csproj", "{C876A0CA-C492-4E25-BFEE-05EB6E9DCA8C}"
EndProject
Project("{9A19103F-16F7-4668-BE54-9A1E7A4F7556}") = "TaskyJ.STSDB.Server", "TaskyJ.STSDBServer\TaskyJ.STSDB.Server.csproj", "{F46FF668-F640-45CF-A47A-3143E7F3428D}"
EndProject
Project("{9A19103F-16F7-4668-BE54-9A1E7A4F7556}") = "TaskyJ.Business.API.AspNetCore", "TaskyJ.Business.API.AspNetCore\TaskyJ.Business.API.AspNetCore.csproj", "{7E3E4A56-3760-4AEC-8ED2-025F2E5452A3}"
EndProject
Project("{9A19103F-16F7-4668-BE54-9A1E7A4F7556}") = "TaskyJ.DataRepo.MongoDB", "TaskyJ.DataRepo.MongoDB\TaskyJ.DataRepo.MongoDB.csproj", "{FC36D5C6-7D41-4530-845D-8643A0719E35}"
EndProject
Project("{9A19103F-16F7-4668-BE54-9A1E7A4F7556}") = "TaskyJ.MongoDBServer", "TaskyJ.MongoDBServer\TaskyJ.MongoDBServer.csproj", "{FB7EB415-DC5B-4DE9-987F-8AE2DF3DBA57}"
EndProject
Project("{9A19103F-16F7-4668-BE54-9A1E7A4F7556}") = "TaskyJ.Business", "TaskyJ.Business\TaskyJ.Business.csproj", "{C8759663-2B0C-4E6E-A1D7-6D2E0D4456B7}"
EndProject
Global
	GlobalSection(SolutionConfigurationPlatforms) = preSolution
		Debug|Any CPU = Debug|Any CPU
		Debug|iPhone = Debug|iPhone
		Debug|iPhoneSimulator = Debug|iPhoneSimulator
		Debug|x86 = Debug|x86
		Release|Any CPU = Release|Any CPU
		Release|iPhone = Release|iPhone
		Release|iPhoneSimulator = Release|iPhoneSimulator
		Release|x86 = Release|x86
	EndGlobalSection
	GlobalSection(ProjectConfigurationPlatforms) = postSolution
		{DB779B69-932B-40E5-BD14-855BE27CA483}.Debug|Any CPU.ActiveCfg = Debug|Any CPU
		{DB779B69-932B-40E5-BD14-855BE27CA483}.Debug|Any CPU.Build.0 = Debug|Any CPU
		{DB779B69-932B-40E5-BD14-855BE27CA483}.Debug|iPhone.ActiveCfg = Debug|Any CPU
		{DB779B69-932B-40E5-BD14-855BE27CA483}.Debug|iPhone.Build.0 = Debug|Any CPU
		{DB779B69-932B-40E5-BD14-855BE27CA483}.Debug|iPhoneSimulator.ActiveCfg = Debug|Any CPU
		{DB779B69-932B-40E5-BD14-855BE27CA483}.Debug|iPhoneSimulator.Build.0 = Debug|Any CPU
		{DB779B69-932B-40E5-BD14-855BE27CA483}.Debug|x86.ActiveCfg = Debug|Any CPU
		{DB779B69-932B-40E5-BD14-855BE27CA483}.Debug|x86.Build.0 = Debug|Any CPU
		{DB779B69-932B-40E5-BD14-855BE27CA483}.Release|Any CPU.ActiveCfg = Release|Any CPU
		{DB779B69-932B-40E5-BD14-855BE27CA483}.Release|Any CPU.Build.0 = Release|Any CPU
		{DB779B69-932B-40E5-BD14-855BE27CA483}.Release|iPhone.ActiveCfg = Release|Any CPU
		{DB779B69-932B-40E5-BD14-855BE27CA483}.Release|iPhone.Build.0 = Release|Any CPU
		{DB779B69-932B-40E5-BD14-855BE27CA483}.Release|iPhoneSimulator.ActiveCfg = Release|Any CPU
		{DB779B69-932B-40E5-BD14-855BE27CA483}.Release|iPhoneSimulator.Build.0 = Release|Any CPU
		{DB779B69-932B-40E5-BD14-855BE27CA483}.Release|x86.ActiveCfg = Release|Any CPU
		{DB779B69-932B-40E5-BD14-855BE27CA483}.Release|x86.Build.0 = Release|Any CPU
		{AA3525E5-4CEC-45AD-9888-9892E9A96B98}.Debug|Any CPU.ActiveCfg = Debug|Any CPU
		{AA3525E5-4CEC-45AD-9888-9892E9A96B98}.Debug|Any CPU.Build.0 = Debug|Any CPU
		{AA3525E5-4CEC-45AD-9888-9892E9A96B98}.Debug|iPhone.ActiveCfg = Debug|Any CPU
		{AA3525E5-4CEC-45AD-9888-9892E9A96B98}.Debug|iPhone.Build.0 = Debug|Any CPU
		{AA3525E5-4CEC-45AD-9888-9892E9A96B98}.Debug|iPhoneSimulator.ActiveCfg = Debug|Any CPU
		{AA3525E5-4CEC-45AD-9888-9892E9A96B98}.Debug|iPhoneSimulator.Build.0 = Debug|Any CPU
		{AA3525E5-4CEC-45AD-9888-9892E9A96B98}.Debug|x86.ActiveCfg = Debug|Any CPU
		{AA3525E5-4CEC-45AD-9888-9892E9A96B98}.Debug|x86.Build.0 = Debug|Any CPU
		{AA3525E5-4CEC-45AD-9888-9892E9A96B98}.Release|Any CPU.ActiveCfg = Release|Any CPU
		{AA3525E5-4CEC-45AD-9888-9892E9A96B98}.Release|Any CPU.Build.0 = Release|Any CPU
		{AA3525E5-4CEC-45AD-9888-9892E9A96B98}.Release|iPhone.ActiveCfg = Release|Any CPU
		{AA3525E5-4CEC-45AD-9888-9892E9A96B98}.Release|iPhone.Build.0 = Release|Any CPU
		{AA3525E5-4CEC-45AD-9888-9892E9A96B98}.Release|iPhoneSimulator.ActiveCfg = Release|Any CPU
		{AA3525E5-4CEC-45AD-9888-9892E9A96B98}.Release|iPhoneSimulator.Build.0 = Release|Any CPU
		{AA3525E5-4CEC-45AD-9888-9892E9A96B98}.Release|x86.ActiveCfg = Release|Any CPU
		{AA3525E5-4CEC-45AD-9888-9892E9A96B98}.Release|x86.Build.0 = Release|Any CPU
		{2A359A6A-7C55-40A7-B61A-89EFAA7C1B57}.Debug|Any CPU.ActiveCfg = Debug|Any CPU
		{2A359A6A-7C55-40A7-B61A-89EFAA7C1B57}.Debug|Any CPU.Build.0 = Debug|Any CPU
		{2A359A6A-7C55-40A7-B61A-89EFAA7C1B57}.Debug|iPhone.ActiveCfg = Debug|Any CPU
		{2A359A6A-7C55-40A7-B61A-89EFAA7C1B57}.Debug|iPhone.Build.0 = Debug|Any CPU
		{2A359A6A-7C55-40A7-B61A-89EFAA7C1B57}.Debug|iPhoneSimulator.ActiveCfg = Debug|Any CPU
		{2A359A6A-7C55-40A7-B61A-89EFAA7C1B57}.Debug|iPhoneSimulator.Build.0 = Debug|Any CPU
		{2A359A6A-7C55-40A7-B61A-89EFAA7C1B57}.Debug|x86.ActiveCfg = Debug|Any CPU
		{2A359A6A-7C55-40A7-B61A-89EFAA7C1B57}.Debug|x86.Build.0 = Debug|Any CPU
		{2A359A6A-7C55-40A7-B61A-89EFAA7C1B57}.Release|Any CPU.ActiveCfg = Release|Any CPU
		{2A359A6A-7C55-40A7-B61A-89EFAA7C1B57}.Release|Any CPU.Build.0 = Release|Any CPU
		{2A359A6A-7C55-40A7-B61A-89EFAA7C1B57}.Release|iPhone.ActiveCfg = Release|Any CPU
		{2A359A6A-7C55-40A7-B61A-89EFAA7C1B57}.Release|iPhone.Build.0 = Release|Any CPU
		{2A359A6A-7C55-40A7-B61A-89EFAA7C1B57}.Release|iPhoneSimulator.ActiveCfg = Release|Any CPU
		{2A359A6A-7C55-40A7-B61A-89EFAA7C1B57}.Release|iPhoneSimulator.Build.0 = Release|Any CPU
		{2A359A6A-7C55-40A7-B61A-89EFAA7C1B57}.Release|x86.ActiveCfg = Release|Any CPU
		{2A359A6A-7C55-40A7-B61A-89EFAA7C1B57}.Release|x86.Build.0 = Release|Any CPU
		{0BDC983C-4572-46DB-AE00-C38683CA2704}.Debug|Any CPU.ActiveCfg = Debug|Any CPU
		{0BDC983C-4572-46DB-AE00-C38683CA2704}.Debug|Any CPU.Build.0 = Debug|Any CPU
		{0BDC983C-4572-46DB-AE00-C38683CA2704}.Debug|iPhone.ActiveCfg = Debug|Any CPU
		{0BDC983C-4572-46DB-AE00-C38683CA2704}.Debug|iPhone.Build.0 = Debug|Any CPU
		{0BDC983C-4572-46DB-AE00-C38683CA2704}.Debug|iPhoneSimulator.ActiveCfg = Debug|Any CPU
		{0BDC983C-4572-46DB-AE00-C38683CA2704}.Debug|iPhoneSimulator.Build.0 = Debug|Any CPU
		{0BDC983C-4572-46DB-AE00-C38683CA2704}.Debug|x86.ActiveCfg = Debug|Any CPU
		{0BDC983C-4572-46DB-AE00-C38683CA2704}.Debug|x86.Build.0 = Debug|Any CPU
		{0BDC983C-4572-46DB-AE00-C38683CA2704}.Release|Any CPU.ActiveCfg = Release|Any CPU
		{0BDC983C-4572-46DB-AE00-C38683CA2704}.Release|Any CPU.Build.0 = Release|Any CPU
		{0BDC983C-4572-46DB-AE00-C38683CA2704}.Release|iPhone.ActiveCfg = Release|Any CPU
		{0BDC983C-4572-46DB-AE00-C38683CA2704}.Release|iPhone.Build.0 = Release|Any CPU
		{0BDC983C-4572-46DB-AE00-C38683CA2704}.Release|iPhoneSimulator.ActiveCfg = Release|Any CPU
		{0BDC983C-4572-46DB-AE00-C38683CA2704}.Release|iPhoneSimulator.Build.0 = Release|Any CPU
		{0BDC983C-4572-46DB-AE00-C38683CA2704}.Release|x86.ActiveCfg = Release|Any CPU
		{0BDC983C-4572-46DB-AE00-C38683CA2704}.Release|x86.Build.0 = Release|Any CPU
		{BF17C19C-9873-4EF6-9931-0F3EB391F68A}.Debug|Any CPU.ActiveCfg = Debug|Any CPU
		{BF17C19C-9873-4EF6-9931-0F3EB391F68A}.Debug|Any CPU.Build.0 = Debug|Any CPU
		{BF17C19C-9873-4EF6-9931-0F3EB391F68A}.Debug|iPhone.ActiveCfg = Debug|Any CPU
		{BF17C19C-9873-4EF6-9931-0F3EB391F68A}.Debug|iPhone.Build.0 = Debug|Any CPU
		{BF17C19C-9873-4EF6-9931-0F3EB391F68A}.Debug|iPhoneSimulator.ActiveCfg = Debug|Any CPU
		{BF17C19C-9873-4EF6-9931-0F3EB391F68A}.Debug|iPhoneSimulator.Build.0 = Debug|Any CPU
		{BF17C19C-9873-4EF6-9931-0F3EB391F68A}.Debug|x86.ActiveCfg = Debug|Any CPU
		{BF17C19C-9873-4EF6-9931-0F3EB391F68A}.Debug|x86.Build.0 = Debug|Any CPU
		{BF17C19C-9873-4EF6-9931-0F3EB391F68A}.Release|Any CPU.ActiveCfg = Release|Any CPU
		{BF17C19C-9873-4EF6-9931-0F3EB391F68A}.Release|Any CPU.Build.0 = Release|Any CPU
		{BF17C19C-9873-4EF6-9931-0F3EB391F68A}.Release|iPhone.ActiveCfg = Release|Any CPU
		{BF17C19C-9873-4EF6-9931-0F3EB391F68A}.Release|iPhone.Build.0 = Release|Any CPU
		{BF17C19C-9873-4EF6-9931-0F3EB391F68A}.Release|iPhoneSimulator.ActiveCfg = Release|Any CPU
		{BF17C19C-9873-4EF6-9931-0F3EB391F68A}.Release|iPhoneSimulator.Build.0 = Release|Any CPU
		{BF17C19C-9873-4EF6-9931-0F3EB391F68A}.Release|x86.ActiveCfg = Release|Any CPU
		{BF17C19C-9873-4EF6-9931-0F3EB391F68A}.Release|x86.Build.0 = Release|Any CPU
		{C6B5CC89-1656-4EB3-9270-3B0B44D2013D}.Debug|Any CPU.ActiveCfg = Debug|Any CPU
		{C6B5CC89-1656-4EB3-9270-3B0B44D2013D}.Debug|Any CPU.Build.0 = Debug|Any CPU
		{C6B5CC89-1656-4EB3-9270-3B0B44D2013D}.Debug|iPhone.ActiveCfg = Debug|Any CPU
		{C6B5CC89-1656-4EB3-9270-3B0B44D2013D}.Debug|iPhone.Build.0 = Debug|Any CPU
		{C6B5CC89-1656-4EB3-9270-3B0B44D2013D}.Debug|iPhoneSimulator.ActiveCfg = Debug|Any CPU
		{C6B5CC89-1656-4EB3-9270-3B0B44D2013D}.Debug|iPhoneSimulator.Build.0 = Debug|Any CPU
		{C6B5CC89-1656-4EB3-9270-3B0B44D2013D}.Debug|x86.ActiveCfg = Debug|Any CPU
		{C6B5CC89-1656-4EB3-9270-3B0B44D2013D}.Debug|x86.Build.0 = Debug|Any CPU
		{C6B5CC89-1656-4EB3-9270-3B0B44D2013D}.Release|Any CPU.ActiveCfg = Release|Any CPU
		{C6B5CC89-1656-4EB3-9270-3B0B44D2013D}.Release|Any CPU.Build.0 = Release|Any CPU
		{C6B5CC89-1656-4EB3-9270-3B0B44D2013D}.Release|iPhone.ActiveCfg = Release|Any CPU
		{C6B5CC89-1656-4EB3-9270-3B0B44D2013D}.Release|iPhone.Build.0 = Release|Any CPU
		{C6B5CC89-1656-4EB3-9270-3B0B44D2013D}.Release|iPhoneSimulator.ActiveCfg = Release|Any CPU
		{C6B5CC89-1656-4EB3-9270-3B0B44D2013D}.Release|iPhoneSimulator.Build.0 = Release|Any CPU
		{C6B5CC89-1656-4EB3-9270-3B0B44D2013D}.Release|x86.ActiveCfg = Release|Any CPU
		{C6B5CC89-1656-4EB3-9270-3B0B44D2013D}.Release|x86.Build.0 = Release|Any CPU
		{C876A0CA-C492-4E25-BFEE-05EB6E9DCA8C}.Debug|Any CPU.ActiveCfg = Debug|Any CPU
		{C876A0CA-C492-4E25-BFEE-05EB6E9DCA8C}.Debug|Any CPU.Build.0 = Debug|Any CPU
		{C876A0CA-C492-4E25-BFEE-05EB6E9DCA8C}.Debug|iPhone.ActiveCfg = Debug|Any CPU
		{C876A0CA-C492-4E25-BFEE-05EB6E9DCA8C}.Debug|iPhone.Build.0 = Debug|Any CPU
		{C876A0CA-C492-4E25-BFEE-05EB6E9DCA8C}.Debug|iPhoneSimulator.ActiveCfg = Debug|Any CPU
		{C876A0CA-C492-4E25-BFEE-05EB6E9DCA8C}.Debug|iPhoneSimulator.Build.0 = Debug|Any CPU
		{C876A0CA-C492-4E25-BFEE-05EB6E9DCA8C}.Debug|x86.ActiveCfg = Debug|Any CPU
		{C876A0CA-C492-4E25-BFEE-05EB6E9DCA8C}.Debug|x86.Build.0 = Debug|Any CPU
		{C876A0CA-C492-4E25-BFEE-05EB6E9DCA8C}.Release|Any CPU.ActiveCfg = Release|Any CPU
		{C876A0CA-C492-4E25-BFEE-05EB6E9DCA8C}.Release|Any CPU.Build.0 = Release|Any CPU
		{C876A0CA-C492-4E25-BFEE-05EB6E9DCA8C}.Release|iPhone.ActiveCfg = Release|Any CPU
		{C876A0CA-C492-4E25-BFEE-05EB6E9DCA8C}.Release|iPhone.Build.0 = Release|Any CPU
		{C876A0CA-C492-4E25-BFEE-05EB6E9DCA8C}.Release|iPhoneSimulator.ActiveCfg = Release|Any CPU
		{C876A0CA-C492-4E25-BFEE-05EB6E9DCA8C}.Release|iPhoneSimulator.Build.0 = Release|Any CPU
		{C876A0CA-C492-4E25-BFEE-05EB6E9DCA8C}.Release|x86.ActiveCfg = Release|Any CPU
		{C876A0CA-C492-4E25-BFEE-05EB6E9DCA8C}.Release|x86.Build.0 = Release|Any CPU
		{F46FF668-F640-45CF-A47A-3143E7F3428D}.Debug|Any CPU.ActiveCfg = Debug|Any CPU
		{F46FF668-F640-45CF-A47A-3143E7F3428D}.Debug|Any CPU.Build.0 = Debug|Any CPU
		{F46FF668-F640-45CF-A47A-3143E7F3428D}.Debug|iPhone.ActiveCfg = Debug|Any CPU
		{F46FF668-F640-45CF-A47A-3143E7F3428D}.Debug|iPhone.Build.0 = Debug|Any CPU
		{F46FF668-F640-45CF-A47A-3143E7F3428D}.Debug|iPhoneSimulator.ActiveCfg = Debug|Any CPU
		{F46FF668-F640-45CF-A47A-3143E7F3428D}.Debug|iPhoneSimulator.Build.0 = Debug|Any CPU
		{F46FF668-F640-45CF-A47A-3143E7F3428D}.Debug|x86.ActiveCfg = Debug|Any CPU
		{F46FF668-F640-45CF-A47A-3143E7F3428D}.Debug|x86.Build.0 = Debug|Any CPU
		{F46FF668-F640-45CF-A47A-3143E7F3428D}.Release|Any CPU.ActiveCfg = Release|Any CPU
		{F46FF668-F640-45CF-A47A-3143E7F3428D}.Release|Any CPU.Build.0 = Release|Any CPU
		{F46FF668-F640-45CF-A47A-3143E7F3428D}.Release|iPhone.ActiveCfg = Release|Any CPU
		{F46FF668-F640-45CF-A47A-3143E7F3428D}.Release|iPhone.Build.0 = Release|Any CPU
		{F46FF668-F640-45CF-A47A-3143E7F3428D}.Release|iPhoneSimulator.ActiveCfg = Release|Any CPU
		{F46FF668-F640-45CF-A47A-3143E7F3428D}.Release|iPhoneSimulator.Build.0 = Release|Any CPU
		{F46FF668-F640-45CF-A47A-3143E7F3428D}.Release|x86.ActiveCfg = Release|Any CPU
		{F46FF668-F640-45CF-A47A-3143E7F3428D}.Release|x86.Build.0 = Release|Any CPU
		{7E3E4A56-3760-4AEC-8ED2-025F2E5452A3}.Debug|Any CPU.ActiveCfg = Debug|Any CPU
		{7E3E4A56-3760-4AEC-8ED2-025F2E5452A3}.Debug|Any CPU.Build.0 = Debug|Any CPU
		{7E3E4A56-3760-4AEC-8ED2-025F2E5452A3}.Debug|iPhone.ActiveCfg = Debug|Any CPU
		{7E3E4A56-3760-4AEC-8ED2-025F2E5452A3}.Debug|iPhone.Build.0 = Debug|Any CPU
		{7E3E4A56-3760-4AEC-8ED2-025F2E5452A3}.Debug|iPhoneSimulator.ActiveCfg = Debug|Any CPU
		{7E3E4A56-3760-4AEC-8ED2-025F2E5452A3}.Debug|iPhoneSimulator.Build.0 = Debug|Any CPU
		{7E3E4A56-3760-4AEC-8ED2-025F2E5452A3}.Debug|x86.ActiveCfg = Debug|Any CPU
		{7E3E4A56-3760-4AEC-8ED2-025F2E5452A3}.Debug|x86.Build.0 = Debug|Any CPU
		{7E3E4A56-3760-4AEC-8ED2-025F2E5452A3}.Release|Any CPU.ActiveCfg = Release|Any CPU
		{7E3E4A56-3760-4AEC-8ED2-025F2E5452A3}.Release|Any CPU.Build.0 = Release|Any CPU
		{7E3E4A56-3760-4AEC-8ED2-025F2E5452A3}.Release|iPhone.ActiveCfg = Release|Any CPU
		{7E3E4A56-3760-4AEC-8ED2-025F2E5452A3}.Release|iPhone.Build.0 = Release|Any CPU
		{7E3E4A56-3760-4AEC-8ED2-025F2E5452A3}.Release|iPhoneSimulator.ActiveCfg = Release|Any CPU
		{7E3E4A56-3760-4AEC-8ED2-025F2E5452A3}.Release|iPhoneSimulator.Build.0 = Release|Any CPU
		{7E3E4A56-3760-4AEC-8ED2-025F2E5452A3}.Release|x86.ActiveCfg = Release|Any CPU
		{7E3E4A56-3760-4AEC-8ED2-025F2E5452A3}.Release|x86.Build.0 = Release|Any CPU
		{FC36D5C6-7D41-4530-845D-8643A0719E35}.Debug|Any CPU.ActiveCfg = Debug|Any CPU
		{FC36D5C6-7D41-4530-845D-8643A0719E35}.Debug|Any CPU.Build.0 = Debug|Any CPU
		{FC36D5C6-7D41-4530-845D-8643A0719E35}.Debug|iPhone.ActiveCfg = Debug|Any CPU
		{FC36D5C6-7D41-4530-845D-8643A0719E35}.Debug|iPhone.Build.0 = Debug|Any CPU
		{FC36D5C6-7D41-4530-845D-8643A0719E35}.Debug|iPhoneSimulator.ActiveCfg = Debug|Any CPU
		{FC36D5C6-7D41-4530-845D-8643A0719E35}.Debug|iPhoneSimulator.Build.0 = Debug|Any CPU
		{FC36D5C6-7D41-4530-845D-8643A0719E35}.Debug|x86.ActiveCfg = Debug|Any CPU
		{FC36D5C6-7D41-4530-845D-8643A0719E35}.Debug|x86.Build.0 = Debug|Any CPU
		{FC36D5C6-7D41-4530-845D-8643A0719E35}.Release|Any CPU.ActiveCfg = Release|Any CPU
		{FC36D5C6-7D41-4530-845D-8643A0719E35}.Release|Any CPU.Build.0 = Release|Any CPU
		{FC36D5C6-7D41-4530-845D-8643A0719E35}.Release|iPhone.ActiveCfg = Release|Any CPU
		{FC36D5C6-7D41-4530-845D-8643A0719E35}.Release|iPhone.Build.0 = Release|Any CPU
		{FC36D5C6-7D41-4530-845D-8643A0719E35}.Release|iPhoneSimulator.ActiveCfg = Release|Any CPU
		{FC36D5C6-7D41-4530-845D-8643A0719E35}.Release|iPhoneSimulator.Build.0 = Release|Any CPU
		{FC36D5C6-7D41-4530-845D-8643A0719E35}.Release|x86.ActiveCfg = Release|Any CPU
		{FC36D5C6-7D41-4530-845D-8643A0719E35}.Release|x86.Build.0 = Release|Any CPU
		{FB7EB415-DC5B-4DE9-987F-8AE2DF3DBA57}.Debug|Any CPU.ActiveCfg = Debug|Any CPU
		{FB7EB415-DC5B-4DE9-987F-8AE2DF3DBA57}.Debug|Any CPU.Build.0 = Debug|Any CPU
		{FB7EB415-DC5B-4DE9-987F-8AE2DF3DBA57}.Debug|iPhone.ActiveCfg = Debug|Any CPU
		{FB7EB415-DC5B-4DE9-987F-8AE2DF3DBA57}.Debug|iPhone.Build.0 = Debug|Any CPU
		{FB7EB415-DC5B-4DE9-987F-8AE2DF3DBA57}.Debug|iPhoneSimulator.ActiveCfg = Debug|Any CPU
		{FB7EB415-DC5B-4DE9-987F-8AE2DF3DBA57}.Debug|iPhoneSimulator.Build.0 = Debug|Any CPU
		{FB7EB415-DC5B-4DE9-987F-8AE2DF3DBA57}.Debug|x86.ActiveCfg = Debug|Any CPU
		{FB7EB415-DC5B-4DE9-987F-8AE2DF3DBA57}.Debug|x86.Build.0 = Debug|Any CPU
		{FB7EB415-DC5B-4DE9-987F-8AE2DF3DBA57}.Release|Any CPU.ActiveCfg = Release|Any CPU
		{FB7EB415-DC5B-4DE9-987F-8AE2DF3DBA57}.Release|Any CPU.Build.0 = Release|Any CPU
		{FB7EB415-DC5B-4DE9-987F-8AE2DF3DBA57}.Release|iPhone.ActiveCfg = Release|Any CPU
		{FB7EB415-DC5B-4DE9-987F-8AE2DF3DBA57}.Release|iPhone.Build.0 = Release|Any CPU
		{FB7EB415-DC5B-4DE9-987F-8AE2DF3DBA57}.Release|iPhoneSimulator.ActiveCfg = Release|Any CPU
		{FB7EB415-DC5B-4DE9-987F-8AE2DF3DBA57}.Release|iPhoneSimulator.Build.0 = Release|Any CPU
		{FB7EB415-DC5B-4DE9-987F-8AE2DF3DBA57}.Release|x86.ActiveCfg = Release|Any CPU
		{FB7EB415-DC5B-4DE9-987F-8AE2DF3DBA57}.Release|x86.Build.0 = Release|Any CPU
		{C8759663-2B0C-4E6E-A1D7-6D2E0D4456B7}.Debug|Any CPU.ActiveCfg = Debug|Any CPU
		{C8759663-2B0C-4E6E-A1D7-6D2E0D4456B7}.Debug|Any CPU.Build.0 = Debug|Any CPU
		{C8759663-2B0C-4E6E-A1D7-6D2E0D4456B7}.Debug|iPhone.ActiveCfg = Debug|Any CPU
		{C8759663-2B0C-4E6E-A1D7-6D2E0D4456B7}.Debug|iPhone.Build.0 = Debug|Any CPU
		{C8759663-2B0C-4E6E-A1D7-6D2E0D4456B7}.Debug|iPhoneSimulator.ActiveCfg = Debug|Any CPU
		{C8759663-2B0C-4E6E-A1D7-6D2E0D4456B7}.Debug|iPhoneSimulator.Build.0 = Debug|Any CPU
		{C8759663-2B0C-4E6E-A1D7-6D2E0D4456B7}.Debug|x86.ActiveCfg = Debug|Any CPU
		{C8759663-2B0C-4E6E-A1D7-6D2E0D4456B7}.Debug|x86.Build.0 = Debug|Any CPU
		{C8759663-2B0C-4E6E-A1D7-6D2E0D4456B7}.Release|Any CPU.ActiveCfg = Release|Any CPU
		{C8759663-2B0C-4E6E-A1D7-6D2E0D4456B7}.Release|Any CPU.Build.0 = Release|Any CPU
		{C8759663-2B0C-4E6E-A1D7-6D2E0D4456B7}.Release|iPhone.ActiveCfg = Release|Any CPU
		{C8759663-2B0C-4E6E-A1D7-6D2E0D4456B7}.Release|iPhone.Build.0 = Release|Any CPU
		{C8759663-2B0C-4E6E-A1D7-6D2E0D4456B7}.Release|iPhoneSimulator.ActiveCfg = Release|Any CPU
		{C8759663-2B0C-4E6E-A1D7-6D2E0D4456B7}.Release|iPhoneSimulator.Build.0 = Release|Any CPU
		{C8759663-2B0C-4E6E-A1D7-6D2E0D4456B7}.Release|x86.ActiveCfg = Release|Any CPU
		{C8759663-2B0C-4E6E-A1D7-6D2E0D4456B7}.Release|x86.Build.0 = Release|Any CPU
	EndGlobalSection
	GlobalSection(SolutionProperties) = preSolution
		HideSolutionNode = FALSE
	EndGlobalSection
	GlobalSection(NestedProjects) = preSolution
		{DB779B69-932B-40E5-BD14-855BE27CA483} = {B793F5DE-E6B9-482C-A684-40892632CBDA}
		{AA3525E5-4CEC-45AD-9888-9892E9A96B98} = {B793F5DE-E6B9-482C-A684-40892632CBDA}
		{2A359A6A-7C55-40A7-B61A-89EFAA7C1B57} = {8FC4EAE5-3228-4676-9C3F-351AE9CF88A0}
		{0BDC983C-4572-46DB-AE00-C38683CA2704} = {C6A741E8-116B-40FC-A945-51FF6FFA814A}
		{BF17C19C-9873-4EF6-9931-0F3EB391F68A} = {C6A741E8-116B-40FC-A945-51FF6FFA814A}
		{C6B5CC89-1656-4EB3-9270-3B0B44D2013D} = {C6A741E8-116B-40FC-A945-51FF6FFA814A}
		{C876A0CA-C492-4E25-BFEE-05EB6E9DCA8C} = {A17C5D99-89BB-4391-840D-C7EB403CFB25}
		{F46FF668-F640-45CF-A47A-3143E7F3428D} = {B433EE24-A367-4E4B-B94B-6DF947AEA230}
		{7E3E4A56-3760-4AEC-8ED2-025F2E5452A3} = {51AD1ED3-8E36-47D8-B5E9-55043883C78E}
		{FC36D5C6-7D41-4530-845D-8643A0719E35} = {C6A741E8-116B-40FC-A945-51FF6FFA814A}
		{FB7EB415-DC5B-4DE9-987F-8AE2DF3DBA57} = {B433EE24-A367-4E4B-B94B-6DF947AEA230}
		{C8759663-2B0C-4E6E-A1D7-6D2E0D4456B7} = {51AD1ED3-8E36-47D8-B5E9-55043883C78E}
	EndGlobalSection
	GlobalSection(ExtensibilityGlobals) = postSolution
		SolutionGuid = {C53101AD-3ABB-4C08-8162-9C4CB91A2119}
	EndGlobalSection
EndGlobal
